<?xml version="1.0" encoding="utf-8"?>
<Project ToolsVersion="4.0" xmlns="http://schemas.microsoft.com/developer/msbuild/2003">
  <ItemGroup>
    <ClInclude Include="framework.h" />
    <ClInclude Include="pch.h" />
    <ClInclude Include="window.h">
      <Filter>shared</Filter>
    </ClInclude>
    <ClInclude Include="gdi_obj.h">
      <Filter>shared</Filter>
    </ClInclude>
  </ItemGroup>
  <ItemGroup>
    <ClCompile Include="dllmain.cpp" />
    <ClCompile Include="pch.cpp" />
    <ClCompile Include="window.cc">
      <Filter>shared</Filter>
    </ClCompile>
    <ClCompile Include="gdi_obj.cc">
      <Filter>shared</Filter>
    </ClCompile>
  </ItemGroup>
  <ItemGroup>
    <Filter Include="shared">
      <UniqueIdentifier>{433c88a7-01ec-44a1-bb3d-7d25069c8451}</UniqueIdentifier>
    </Filter>
  </ItemGroup>
</Project>